// !$*UTF8*$!
{
	archiveVersion = 1;
	classes = {
	};
	objectVersion = 56;
	objects = {

/* Begin PBXBuildFile section */
		497064D42C231E340051B7A7 /* AppDelegate.swift in Sources */ = {isa = PBXBuildFile; fileRef = 497064D32C231E340051B7A7 /* AppDelegate.swift */; };
		497064D62C231E340051B7A7 /* SceneDelegate.swift in Sources */ = {isa = PBXBuildFile; fileRef = 497064D52C231E340051B7A7 /* SceneDelegate.swift */; };
		497064D82C231E340051B7A7 /* LoginViewController.swift in Sources */ = {isa = PBXBuildFile; fileRef = 497064D72C231E340051B7A7 /* LoginViewController.swift */; };
		497064DB2C231E340051B7A7 /* Main.storyboard in Resources */ = {isa = PBXBuildFile; fileRef = 497064D92C231E340051B7A7 /* Main.storyboard */; };
		497064DD2C231E390051B7A7 /* Assets.xcassets in Resources */ = {isa = PBXBuildFile; fileRef = 497064DC2C231E390051B7A7 /* Assets.xcassets */; };
		497064E02C231E390051B7A7 /* LaunchScreen.storyboard in Resources */ = {isa = PBXBuildFile; fileRef = 497064DE2C231E390051B7A7 /* LaunchScreen.storyboard */; };
		497064E82C231FB90051B7A7 /* GoogleService-Info.plist in Resources */ = {isa = PBXBuildFile; fileRef = 497064E72C231FB90051B7A7 /* GoogleService-Info.plist */; };
		497064EA2C23C81C0051B7A7 /* DatabaseManager.swift in Sources */ = {isa = PBXBuildFile; fileRef = 497064E92C23C81C0051B7A7 /* DatabaseManager.swift */; };
		497064ED2C23CF830051B7A7 /* MenuViewController.swift in Sources */ = {isa = PBXBuildFile; fileRef = 497064EC2C23CF830051B7A7 /* MenuViewController.swift */; };
		497064EF2C23FB8B0051B7A7 /* RegisterViewController.swift in Sources */ = {isa = PBXBuildFile; fileRef = 497064EE2C23FB8B0051B7A7 /* RegisterViewController.swift */; };
		89FF896EA18CE7E9CBA41271 /* Pods_whos_tea.framework in Frameworks */ = {isa = PBXBuildFile; fileRef = 7E1ECB11B5215C89FCBBB6CF /* Pods_whos_tea.framework */; };
/* End PBXBuildFile section */

/* Begin PBXFileReference section */
		497064D02C231E340051B7A7 /* whos tea.app */ = {isa = PBXFileReference; explicitFileType = wrapper.application; includeInIndex = 0; path = "whos tea.app"; sourceTree = BUILT_PRODUCTS_DIR; };
		497064D32C231E340051B7A7 /* AppDelegate.swift */ = {isa = PBXFileReference; lastKnownFileType = sourcecode.swift; path = AppDelegate.swift; sourceTree = "<group>"; };
		497064D52C231E340051B7A7 /* SceneDelegate.swift */ = {isa = PBXFileReference; lastKnownFileType = sourcecode.swift; path = SceneDelegate.swift; sourceTree = "<group>"; };
		497064D72C231E340051B7A7 /* LoginViewController.swift */ = {isa = PBXFileReference; lastKnownFileType = sourcecode.swift; path = LoginViewController.swift; sourceTree = "<group>"; };
		497064DA2C231E340051B7A7 /* Base */ = {isa = PBXFileReference; lastKnownFileType = file.storyboard; name = Base; path = Base.lproj/Main.storyboard; sourceTree = "<group>"; };
		497064DC2C231E390051B7A7 /* Assets.xcassets */ = {isa = PBXFileReference; lastKnownFileType = folder.assetcatalog; path = Assets.xcassets; sourceTree = "<group>"; };
		497064DF2C231E390051B7A7 /* Base */ = {isa = PBXFileReference; lastKnownFileType = file.storyboard; name = Base; path = Base.lproj/LaunchScreen.storyboard; sourceTree = "<group>"; };
		497064E12C231E390051B7A7 /* Info.plist */ = {isa = PBXFileReference; lastKnownFileType = text.plist.xml; path = Info.plist; sourceTree = "<group>"; };
		497064E72C231FB90051B7A7 /* GoogleService-Info.plist */ = {isa = PBXFileReference; fileEncoding = 4; lastKnownFileType = text.plist.xml; path = "GoogleService-Info.plist"; sourceTree = "<group>"; };
		497064E92C23C81C0051B7A7 /* DatabaseManager.swift */ = {isa = PBXFileReference; lastKnownFileType = sourcecode.swift; path = DatabaseManager.swift; sourceTree = "<group>"; };
		497064EC2C23CF830051B7A7 /* MenuViewController.swift */ = {isa = PBXFileReference; lastKnownFileType = sourcecode.swift; path = MenuViewController.swift; sourceTree = "<group>"; };
		497064EE2C23FB8B0051B7A7 /* RegisterViewController.swift */ = {isa = PBXFileReference; lastKnownFileType = sourcecode.swift; path = RegisterViewController.swift; sourceTree = "<group>"; };
		5F42DFD7D2635CB24CD618FE /* Pods-whos tea.debug.xcconfig */ = {isa = PBXFileReference; includeInIndex = 1; lastKnownFileType = text.xcconfig; name = "Pods-whos tea.debug.xcconfig"; path = "Target Support Files/Pods-whos tea/Pods-whos tea.debug.xcconfig"; sourceTree = "<group>"; };
		7E1ECB11B5215C89FCBBB6CF /* Pods_whos_tea.framework */ = {isa = PBXFileReference; explicitFileType = wrapper.framework; includeInIndex = 0; path = Pods_whos_tea.framework; sourceTree = BUILT_PRODUCTS_DIR; };
		FCD0E3B5779813E041EA6981 /* Pods-whos tea.release.xcconfig */ = {isa = PBXFileReference; includeInIndex = 1; lastKnownFileType = text.xcconfig; name = "Pods-whos tea.release.xcconfig"; path = "Target Support Files/Pods-whos tea/Pods-whos tea.release.xcconfig"; sourceTree = "<group>"; };
/* End PBXFileReference section */

/* Begin PBXFrameworksBuildPhase section */
		497064CD2C231E340051B7A7 /* Frameworks */ = {
			isa = PBXFrameworksBuildPhase;
			buildActionMask = 2147483647;
			files = (
				89FF896EA18CE7E9CBA41271 /* Pods_whos_tea.framework in Frameworks */,
			);
			runOnlyForDeploymentPostprocessing = 0;
		};
/* End PBXFrameworksBuildPhase section */

/* Begin PBXGroup section */
		07F9BC5CF52EF7EEAB2C6FCB /* Frameworks */ = {
			isa = PBXGroup;
			children = (
				7E1ECB11B5215C89FCBBB6CF /* Pods_whos_tea.framework */,
			);
			name = Frameworks;
			sourceTree = "<group>";
		};
		497064C72C231E340051B7A7 = {
			isa = PBXGroup;
			children = (
				497064D22C231E340051B7A7 /* whos tea */,
				497064D12C231E340051B7A7 /* Products */,
				8DEB8F7B490C17CC42A90865 /* Pods */,
				07F9BC5CF52EF7EEAB2C6FCB /* Frameworks */,
			);
			sourceTree = "<group>";
		};
		497064D12C231E340051B7A7 /* Products */ = {
			isa = PBXGroup;
			children = (
				497064D02C231E340051B7A7 /* whos tea.app */,
			);
			name = Products;
			sourceTree = "<group>";
		};
		497064D22C231E340051B7A7 /* whos tea */ = {
			isa = PBXGroup;
			children = (
				497064EB2C23C8390051B7A7 /* Resource */,
				497064E72C231FB90051B7A7 /* GoogleService-Info.plist */,
				497064EC2C23CF830051B7A7 /* MenuViewController.swift */,
				497064EE2C23FB8B0051B7A7 /* RegisterViewController.swift */,
				497064D72C231E340051B7A7 /* LoginViewController.swift */,
				497064D92C231E340051B7A7 /* Main.storyboard */,
				497064DC2C231E390051B7A7 /* Assets.xcassets */,
				497064DE2C231E390051B7A7 /* LaunchScreen.storyboard */,
				497064E12C231E390051B7A7 /* Info.plist */,
			);
			path = "whos tea";
			sourceTree = "<group>";
		};
		497064EB2C23C8390051B7A7 /* Resource */ = {
			isa = PBXGroup;
			children = (
				497064D32C231E340051B7A7 /* AppDelegate.swift */,
				497064D52C231E340051B7A7 /* SceneDelegate.swift */,
				497064E92C23C81C0051B7A7 /* DatabaseManager.swift */,
			);
			path = Resource;
			sourceTree = "<group>";
		};
		8DEB8F7B490C17CC42A90865 /* Pods */ = {
			isa = PBXGroup;
			children = (
				5F42DFD7D2635CB24CD618FE /* Pods-whos tea.debug.xcconfig */,
				FCD0E3B5779813E041EA6981 /* Pods-whos tea.release.xcconfig */,
			);
			path = Pods;
			sourceTree = "<group>";
		};
/* End PBXGroup section */

/* Begin PBXNativeTarget section */
		497064CF2C231E340051B7A7 /* whos tea */ = {
			isa = PBXNativeTarget;
			buildConfigurationList = 497064E42C231E390051B7A7 /* Build configuration list for PBXNativeTarget "whos tea" */;
			buildPhases = (
				AA2E72D9755382B5E8D61C65 /* [CP] Check Pods Manifest.lock */,
				497064CC2C231E340051B7A7 /* Sources */,
				497064CD2C231E340051B7A7 /* Frameworks */,
				497064CE2C231E340051B7A7 /* Resources */,
				5B5D48B7F0E585EC0D9E3808 /* [CP] Embed Pods Frameworks */,
			);
			buildRules = (
			);
			dependencies = (
			);
			name = "whos tea";
			productName = "whos tea";
			productReference = 497064D02C231E340051B7A7 /* whos tea.app */;
			productType = "com.apple.product-type.application";
		};
/* End PBXNativeTarget section */

/* Begin PBXProject section */
		497064C82C231E340051B7A7 /* Project object */ = {
			isa = PBXProject;
			attributes = {
				BuildIndependentTargetsInParallel = 1;
				LastSwiftUpdateCheck = 1520;
				LastUpgradeCheck = 1520;
				TargetAttributes = {
					497064CF2C231E340051B7A7 = {
						CreatedOnToolsVersion = 15.2;
					};
				};
			};
			buildConfigurationList = 497064CB2C231E340051B7A7 /* Build configuration list for PBXProject "whos tea" */;
			compatibilityVersion = "Xcode 14.0";
			developmentRegion = en;
			hasScannedForEncodings = 0;
			knownRegions = (
				en,
				Base,
			);
			mainGroup = 497064C72C231E340051B7A7;
			productRefGroup = 497064D12C231E340051B7A7 /* Products */;
			projectDirPath = "";
			projectRoot = "";
			targets = (
				497064CF2C231E340051B7A7 /* whos tea */,
			);
		};
/* End PBXProject section */

/* Begin PBXResourcesBuildPhase section */
		497064CE2C231E340051B7A7 /* Resources */ = {
			isa = PBXResourcesBuildPhase;
			buildActionMask = 2147483647;
			files = (
				497064E02C231E390051B7A7 /* LaunchScreen.storyboard in Resources */,
				497064E82C231FB90051B7A7 /* GoogleService-Info.plist in Resources */,
				497064DD2C231E390051B7A7 /* Assets.xcassets in Resources */,
				497064DB2C231E340051B7A7 /* Main.storyboard in Resources */,
			);
			runOnlyForDeploymentPostprocessing = 0;
		};
/* End PBXResourcesBuildPhase section */

/* Begin PBXShellScriptBuildPhase section */
		5B5D48B7F0E585EC0D9E3808 /* [CP] Embed Pods Frameworks */ = {
			isa = PBXShellScriptBuildPhase;
			buildActionMask = 2147483647;
			files = (
			);
			inputFileListPaths = (
				"${PODS_ROOT}/Target Support Files/Pods-whos tea/Pods-whos tea-frameworks-${CONFIGURATION}-input-files.xcfilelist",
			);
			name = "[CP] Embed Pods Frameworks";
			outputFileListPaths = (
				"${PODS_ROOT}/Target Support Files/Pods-whos tea/Pods-whos tea-frameworks-${CONFIGURATION}-output-files.xcfilelist",
			);
			runOnlyForDeploymentPostprocessing = 0;
			shellPath = /bin/sh;
			shellScript = "\"${PODS_ROOT}/Target Support Files/Pods-whos tea/Pods-whos tea-frameworks.sh\"\n";
			showEnvVarsInLog = 0;
		};
		AA2E72D9755382B5E8D61C65 /* [CP] Check Pods Manifest.lock */ = {
			isa = PBXShellScriptBuildPhase;
			buildActionMask = 2147483647;
			files = (
			);
			inputFileListPaths = (
			);
			inputPaths = (
				"${PODS_PODFILE_DIR_PATH}/Podfile.lock",
				"${PODS_ROOT}/Manifest.lock",
			);
			name = "[CP] Check Pods Manifest.lock";
			outputFileListPaths = (
			);
			outputPaths = (
				"$(DERIVED_FILE_DIR)/Pods-whos tea-checkManifestLockResult.txt",
			);
			runOnlyForDeploymentPostprocessing = 0;
			shellPath = /bin/sh;
			shellScript = "diff \"${PODS_PODFILE_DIR_PATH}/Podfile.lock\" \"${PODS_ROOT}/Manifest.lock\" > /dev/null\nif [ $? != 0 ] ; then\n    # print error to STDERR\n    echo \"error: The sandbox is not in sync with the Podfile.lock. Run 'pod install' or update your CocoaPods installation.\" >&2\n    exit 1\nfi\n# This output is used by Xcode 'outputs' to avoid re-running this script phase.\necho \"SUCCESS\" > \"${SCRIPT_OUTPUT_FILE_0}\"\n";
			showEnvVarsInLog = 0;
		};
/* End PBXShellScriptBuildPhase section */

/* Begin PBXSourcesBuildPhase section */
		497064CC2C231E340051B7A7 /* Sources */ = {
			isa = PBXSourcesBuildPhase;
			buildActionMask = 2147483647;
			files = (
				497064EA2C23C81C0051B7A7 /* DatabaseManager.swift in Sources */,
				497064ED2C23CF830051B7A7 /* MenuViewController.swift in Sources */,
				497064D82C231E340051B7A7 /* LoginViewController.swift in Sources */,
				497064EF2C23FB8B0051B7A7 /* RegisterViewController.swift in Sources */,
				497064D42C231E340051B7A7 /* AppDelegate.swift in Sources */,
				497064D62C231E340051B7A7 /* SceneDelegate.swift in Sources */,
			);
			runOnlyForDeploymentPostprocessing = 0;
		};
/* End PBXSourcesBuildPhase section */

/* Begin PBXVariantGroup section */
		497064D92C231E340051B7A7 /* Main.storyboard */ = {
			isa = PBXVariantGroup;
			children = (
				497064DA2C231E340051B7A7 /* Base */,
			);
			name = Main.storyboard;
			sourceTree = "<group>";
		};
		497064DE2C231E390051B7A7 /* LaunchScreen.storyboard */ = {
			isa = PBXVariantGroup;
			children = (
				497064DF2C231E390051B7A7 /* Base */,
			);
			name = LaunchScreen.storyboard;
			sourceTree = "<group>";
		};
/* End PBXVariantGroup section */

/* Begin XCBuildConfiguration section */
		497064E22C231E390051B7A7 /* Debug */ = {
			isa = XCBuildConfiguration;
			buildSettings = {
				ALWAYS_SEARCH_USER_PATHS = NO;
				ASSETCATALOG_COMPILER_GENERATE_SWIFT_ASSET_SYMBOL_EXTENSIONS = YES;
				CLANG_ANALYZER_NONNULL = YES;
				CLANG_ANALYZER_NUMBER_OBJECT_CONVERSION = YES_AGGRESSIVE;
				CLANG_CXX_LANGUAGE_STANDARD = "gnu++20";
				CLANG_ENABLE_MODULES = YES;
				CLANG_ENABLE_OBJC_ARC = YES;
				CLANG_ENABLE_OBJC_WEAK = YES;
				CLANG_WARN_BLOCK_CAPTURE_AUTORELEASING = YES;
				CLANG_WARN_BOOL_CONVERSION = YES;
				CLANG_WARN_COMMA = YES;
				CLANG_WARN_CONSTANT_CONVERSION = YES;
				CLANG_WARN_DEPRECATED_OBJC_IMPLEMENTATIONS = YES;
				CLANG_WARN_DIRECT_OBJC_ISA_USAGE = YES_ERROR;
				CLANG_WARN_DOCUMENTATION_COMMENTS = YES;
				CLANG_WARN_EMPTY_BODY = YES;
				CLANG_WARN_ENUM_CONVERSION = YES;
				CLANG_WARN_INFINITE_RECURSION = YES;
				CLANG_WARN_INT_CONVERSION = YES;
				CLANG_WARN_NON_LITERAL_NULL_CONVERSION = YES;
				CLANG_WARN_OBJC_IMPLICIT_RETAIN_SELF = YES;
				CLANG_WARN_OBJC_LITERAL_CONVERSION = YES;
				CLANG_WARN_OBJC_ROOT_CLASS = YES_ERROR;
				CLANG_WARN_QUOTED_INCLUDE_IN_FRAMEWORK_HEADER = YES;
				CLANG_WARN_RANGE_LOOP_ANALYSIS = YES;
				CLANG_WARN_STRICT_PROTOTYPES = YES;
				CLANG_WARN_SUSPICIOUS_MOVE = YES;
				CLANG_WARN_UNGUARDED_AVAILABILITY = YES_AGGRESSIVE;
				CLANG_WARN_UNREACHABLE_CODE = YES;
				CLANG_WARN__DUPLICATE_METHOD_MATCH = YES;
				COPY_PHASE_STRIP = NO;
				DEBUG_INFORMATION_FORMAT = dwarf;
				ENABLE_STRICT_OBJC_MSGSEND = YES;
				ENABLE_TESTABILITY = YES;
				ENABLE_USER_SCRIPT_SANDBOXING = YES;
				GCC_C_LANGUAGE_STANDARD = gnu17;
				GCC_DYNAMIC_NO_PIC = NO;
				GCC_NO_COMMON_BLOCKS = YES;
				GCC_OPTIMIZATION_LEVEL = 0;
				GCC_PREPROCESSOR_DEFINITIONS = (
					"DEBUG=1",
					"$(inherited)",
				);
				GCC_WARN_64_TO_32_BIT_CONVERSION = YES;
				GCC_WARN_ABOUT_RETURN_TYPE = YES_ERROR;
				GCC_WARN_UNDECLARED_SELECTOR = YES;
				GCC_WARN_UNINITIALIZED_AUTOS = YES_AGGRESSIVE;
				GCC_WARN_UNUSED_FUNCTION = YES;
				GCC_WARN_UNUSED_VARIABLE = YES;
				IPHONEOS_DEPLOYMENT_TARGET = 17.2;
				LOCALIZATION_PREFERS_STRING_CATALOGS = YES;
				MTL_ENABLE_DEBUG_INFO = INCLUDE_SOURCE;
				MTL_FAST_MATH = YES;
				ONLY_ACTIVE_ARCH = YES;
				SDKROOT = iphoneos;
				SWIFT_ACTIVE_COMPILATION_CONDITIONS = "DEBUG $(inherited)";
				SWIFT_OPTIMIZATION_LEVEL = "-Onone";
			};
			name = Debug;
		};
		497064E32C231E390051B7A7 /* Release */ = {
			isa = XCBuildConfiguration;
			buildSettings = {
				ALWAYS_SEARCH_USER_PATHS = NO;
				ASSETCATALOG_COMPILER_GENERATE_SWIFT_ASSET_SYMBOL_EXTENSIONS = YES;
				CLANG_ANALYZER_NONNULL = YES;
				CLANG_ANALYZER_NUMBER_OBJECT_CONVERSION = YES_AGGRESSIVE;
				CLANG_CXX_LANGUAGE_STANDARD = "gnu++20";
				CLANG_ENABLE_MODULES = YES;
				CLANG_ENABLE_OBJC_ARC = YES;
				CLANG_ENABLE_OBJC_WEAK = YES;
				CLANG_WARN_BLOCK_CAPTURE_AUTORELEASING = YES;
				CLANG_WARN_BOOL_CONVERSION = YES;
				CLANG_WARN_COMMA = YES;
				CLANG_WARN_CONSTANT_CONVERSION = YES;
				CLANG_WARN_DEPRECATED_OBJC_IMPLEMENTATIONS = YES;
				CLANG_WARN_DIRECT_OBJC_ISA_USAGE = YES_ERROR;
				CLANG_WARN_DOCUMENTATION_COMMENTS = YES;
				CLANG_WARN_EMPTY_BODY = YES;
				CLANG_WARN_ENUM_CONVERSION = YES;
				CLANG_WARN_INFINITE_RECURSION = YES;
				CLANG_WARN_INT_CONVERSION = YES;
				CLANG_WARN_NON_LITERAL_NULL_CONVERSION = YES;
				CLANG_WARN_OBJC_IMPLICIT_RETAIN_SELF = YES;
				CLANG_WARN_OBJC_LITERAL_CONVERSION = YES;
				CLANG_WARN_OBJC_ROOT_CLASS = YES_ERROR;
				CLANG_WARN_QUOTED_INCLUDE_IN_FRAMEWORK_HEADER = YES;
				CLANG_WARN_RANGE_LOOP_ANALYSIS = YES;
				CLANG_WARN_STRICT_PROTOTYPES = YES;
				CLANG_WARN_SUSPICIOUS_MOVE = YES;
				CLANG_WARN_UNGUARDED_AVAILABILITY = YES_AGGRESSIVE;
				CLANG_WARN_UNREACHABLE_CODE = YES;
				CLANG_WARN__DUPLICATE_METHOD_MATCH = YES;
				COPY_PHASE_STRIP = NO;
				DEBUG_INFORMATION_FORMAT = "dwarf-with-dsym";
				ENABLE_NS_ASSERTIONS = NO;
				ENABLE_STRICT_OBJC_MSGSEND = YES;
				ENABLE_USER_SCRIPT_SANDBOXING = YES;
				GCC_C_LANGUAGE_STANDARD = gnu17;
				GCC_NO_COMMON_BLOCKS = YES;
				GCC_WARN_64_TO_32_BIT_CONVERSION = YES;
				GCC_WARN_ABOUT_RETURN_TYPE = YES_ERROR;
				GCC_WARN_UNDECLARED_SELECTOR = YES;
				GCC_WARN_UNINITIALIZED_AUTOS = YES_AGGRESSIVE;
				GCC_WARN_UNUSED_FUNCTION = YES;
				GCC_WARN_UNUSED_VARIABLE = YES;
				IPHONEOS_DEPLOYMENT_TARGET = 17.2;
				LOCALIZATION_PREFERS_STRING_CATALOGS = YES;
				MTL_ENABLE_DEBUG_INFO = NO;
				MTL_FAST_MATH = YES;
				SDKROOT = iphoneos;
				SWIFT_COMPILATION_MODE = wholemodule;
				VALIDATE_PRODUCT = YES;
			};
			name = Release;
		};
		497064E52C231E390051B7A7 /* Debug */ = {
			isa = XCBuildConfiguration;
			baseConfigurationReference = 5F42DFD7D2635CB24CD618FE /* Pods-whos tea.debug.xcconfig */;
			buildSettings = {
				ASSETCATALOG_COMPILER_APPICON_NAME = AppIcon;
				ASSETCATALOG_COMPILER_GLOBAL_ACCENT_COLOR_NAME = AccentColor;
				CODE_SIGN_STYLE = Automatic;
				CURRENT_PROJECT_VERSION = 1;
				DEVELOPMENT_TEAM = 6H9287UZN4;
				ENABLE_USER_SCRIPT_SANDBOXING = NO;
				GENERATE_INFOPLIST_FILE = YES;
				INFOPLIST_FILE = "whos tea/Info.plist";
				INFOPLIST_KEY_UIApplicationSupportsIndirectInputEvents = YES;
				INFOPLIST_KEY_UILaunchStoryboardName = LaunchScreen;
				INFOPLIST_KEY_UIMainStoryboardFile = Main;
				INFOPLIST_KEY_UISupportedInterfaceOrientations_iPad = "UIInterfaceOrientationPortrait UIInterfaceOrientationPortraitUpsideDown UIInterfaceOrientationLandscapeLeft UIInterfaceOrientationLandscapeRight";
				INFOPLIST_KEY_UISupportedInterfaceOrientations_iPhone = "UIInterfaceOrientationPortrait UIInterfaceOrientationLandscapeLeft UIInterfaceOrientationLandscapeRight";
				LD_RUNPATH_SEARCH_PATHS = (
					"$(inherited)",
					"@executable_path/Frameworks",
				);
				MARKETING_VERSION = 1.0;
				PRODUCT_BUNDLE_IDENTIFIER = "com.nara.whos-tea";
				PRODUCT_NAME = "$(TARGET_NAME)";
				SWIFT_EMIT_LOC_STRINGS = YES;
				SWIFT_VERSION = 5.0;
				TARGETED_DEVICE_FAMILY = "1,2";
			};
			name = Debug;
		};
		497064E62C231E390051B7A7 /* Release */ = {
			isa = XCBuildConfiguration;
			baseConfigurationReference = FCD0E3B5779813E041EA6981 /* Pods-whos tea.release.xcconfig */;
			buildSettings = {
				ASSETCATALOG_COMPILER_APPICON_NAME = AppIcon;
				ASSETCATALOG_COMPILER_GLOBAL_ACCENT_COLOR_NAME = AccentColor;
				CODE_SIGN_STYLE = Automatic;
				CURRENT_PROJECT_VERSION = 1;
				DEVELOPMENT_TEAM = 6H9287UZN4;
				ENABLE_USER_SCRIPT_SANDBOXING = NO;
				GENERATE_INFOPLIST_FILE = YES;
				INFOPLIST_FILE = "whos tea/Info.plist";
				INFOPLIST_KEY_UIApplicationSupportsIndirectInputEvents = YES;
				INFOPLIST_KEY_UILaunchStoryboardName = LaunchScreen;
				INFOPLIST_KEY_UIMainStoryboardFile = Main;
				INFOPLIST_KEY_UISupportedInterfaceOrientations_iPad = "UIInterfaceOrientationPortrait UIInterfaceOrientationPortraitUpsideDown UIInterfaceOrientationLandscapeLeft UIInterfaceOrientationLandscapeRight";
				INFOPLIST_KEY_UISupportedInterfaceOrientations_iPhone = "UIInterfaceOrientationPortrait UIInterfaceOrientationLandscapeLeft UIInterfaceOrientationLandscapeRight";
				LD_RUNPATH_SEARCH_PATHS = (
					"$(inherited)",
					"@executable_path/Frameworks",
				);
				MARKETING_VERSION = 1.0;
				PRODUCT_BUNDLE_IDENTIFIER = "com.nara.whos-tea";
				PRODUCT_NAME = "$(TARGET_NAME)";
				SWIFT_EMIT_LOC_STRINGS = YES;
				SWIFT_VERSION = 5.0;
				TARGETED_DEVICE_FAMILY = "1,2";
			};
			name = Release;
		};
/* End XCBuildConfiguration section */

/* Begin XCConfigurationList section */
		497064CB2C231E340051B7A7 /* Build configuration list for PBXProject "whos tea" */ = {
			isa = XCConfigurationList;
			buildConfigurations = (
				497064E22C231E390051B7A7 /* Debug */,
				497064E32C231E390051B7A7 /* Release */,
			);
			defaultConfigurationIsVisible = 0;
			defaultConfigurationName = Release;
		};
		497064E42C231E390051B7A7 /* Build configuration list for PBXNativeTarget "whos tea" */ = {
			isa = XCConfigurationList;
			buildConfigurations = (
				497064E52C231E390051B7A7 /* Debug */,
				497064E62C231E390051B7A7 /* Release */,
			);
			defaultConfigurationIsVisible = 0;
			defaultConfigurationName = Release;
		};
/* End XCConfigurationList section */
	};
	rootObject = 497064C82C231E340051B7A7 /* Project object */;
}
