// !$*UTF8*$!
{
	archiveVersion = 1;
	classes = {
	};
	objectVersion = 56;
	objects = {

/* Begin PBXBuildFile section */
		490F63E02C2A73F100520D0F /* GoogleService-Info.plist in Resources */ = {isa = PBXBuildFile; fileRef = 490F63DF2C2A73F100520D0F /* GoogleService-Info.plist */; };
		490F63E22C2A971A00520D0F /* GoogleServiceManager.swift in Sources */ = {isa = PBXBuildFile; fileRef = 490F63E12C2A971A00520D0F /* GoogleServiceManager.swift */; };
		490F63E42C2E83A300520D0F /* NumberpadReturn.swift in Sources */ = {isa = PBXBuildFile; fileRef = 490F63E32C2E83A200520D0F /* NumberpadReturn.swift */; };
		490F63E62C2EC23000520D0F /* Drinks.swift in Sources */ = {isa = PBXBuildFile; fileRef = 490F63E52C2EC23000520D0F /* Drinks.swift */; };
		490F63E82C2F3AC700520D0F /* MenuTableViewCell.swift in Sources */ = {isa = PBXBuildFile; fileRef = 490F63E72C2F3AC600520D0F /* MenuTableViewCell.swift */; };
		490F63F72C32590200520D0F /* FetchDataManager.swift in Sources */ = {isa = PBXBuildFile; fileRef = 490F63F62C32590200520D0F /* FetchDataManager.swift */; };
		490F63F92C3308D700520D0F /* DrinkOrderViewController.swift in Sources */ = {isa = PBXBuildFile; fileRef = 490F63F82C3308D700520D0F /* DrinkOrderViewController.swift */; };
		490F63FB2C33AFB800520D0F /* OrderDrinkTableViewCell.swift in Sources */ = {isa = PBXBuildFile; fileRef = 490F63FA2C33AFB800520D0F /* OrderDrinkTableViewCell.swift */; };
		490F63FD2C33F81700520D0F /* IceSugarTableViewCell.swift in Sources */ = {isa = PBXBuildFile; fileRef = 490F63FC2C33F81700520D0F /* IceSugarTableViewCell.swift */; };
		490F64032C36557800520D0F /* CartViewController.swift in Sources */ = {isa = PBXBuildFile; fileRef = 490F64022C36557800520D0F /* CartViewController.swift */; };
		490F64052C368C0800520D0F /* Orders.swift in Sources */ = {isa = PBXBuildFile; fileRef = 490F64042C368C0800520D0F /* Orders.swift */; };
		490F64072C37B32F00520D0F /* CartTableViewCell.swift in Sources */ = {isa = PBXBuildFile; fileRef = 490F64062C37B32E00520D0F /* CartTableViewCell.swift */; };
		497064D42C231E340051B7A7 /* AppDelegate.swift in Sources */ = {isa = PBXBuildFile; fileRef = 497064D32C231E340051B7A7 /* AppDelegate.swift */; };
		497064D62C231E340051B7A7 /* SceneDelegate.swift in Sources */ = {isa = PBXBuildFile; fileRef = 497064D52C231E340051B7A7 /* SceneDelegate.swift */; };
		497064D82C231E340051B7A7 /* LoginViewController.swift in Sources */ = {isa = PBXBuildFile; fileRef = 497064D72C231E340051B7A7 /* LoginViewController.swift */; };
		497064DB2C231E340051B7A7 /* Main.storyboard in Resources */ = {isa = PBXBuildFile; fileRef = 497064D92C231E340051B7A7 /* Main.storyboard */; };
		497064DD2C231E390051B7A7 /* Assets.xcassets in Resources */ = {isa = PBXBuildFile; fileRef = 497064DC2C231E390051B7A7 /* Assets.xcassets */; };
		497064E02C231E390051B7A7 /* LaunchScreen.storyboard in Resources */ = {isa = PBXBuildFile; fileRef = 497064DE2C231E390051B7A7 /* LaunchScreen.storyboard */; };
		497064EA2C23C81C0051B7A7 /* DatabaseManager.swift in Sources */ = {isa = PBXBuildFile; fileRef = 497064E92C23C81C0051B7A7 /* DatabaseManager.swift */; };
		497064ED2C23CF830051B7A7 /* MenuViewController.swift in Sources */ = {isa = PBXBuildFile; fileRef = 497064EC2C23CF830051B7A7 /* MenuViewController.swift */; };
		497064EF2C23FB8B0051B7A7 /* RegisterViewController.swift in Sources */ = {isa = PBXBuildFile; fileRef = 497064EE2C23FB8B0051B7A7 /* RegisterViewController.swift */; };
		497064F12C26A9460051B7A7 /* ProfileViewController.swift in Sources */ = {isa = PBXBuildFile; fileRef = 497064F02C26A9450051B7A7 /* ProfileViewController.swift */; };
		497064F32C26CE140051B7A7 /* MainTabBarController.swift in Sources */ = {isa = PBXBuildFile; fileRef = 497064F22C26CE140051B7A7 /* MainTabBarController.swift */; };
		499EAB8D2C577D2500DF189D /* DrinkOrderViewModel.swift in Sources */ = {isa = PBXBuildFile; fileRef = 499EAB8C2C577D2500DF189D /* DrinkOrderViewModel.swift */; };
		499EAB8F2C5783D700DF189D /* User.swift in Sources */ = {isa = PBXBuildFile; fileRef = 499EAB8E2C5783D700DF189D /* User.swift */; };
		499EAB912C58E1E600DF189D /* GetUrl.swift in Sources */ = {isa = PBXBuildFile; fileRef = 499EAB902C58E1E600DF189D /* GetUrl.swift */; };
		499EAB932C58EA8C00DF189D /* CartViewModel.swift in Sources */ = {isa = PBXBuildFile; fileRef = 499EAB922C58EA8C00DF189D /* CartViewModel.swift */; };
		49D0536C2C538C6B00E1F5F5 /* MenuViewModel.swift in Sources */ = {isa = PBXBuildFile; fileRef = 49D0536B2C538C6B00E1F5F5 /* MenuViewModel.swift */; };
		49D0536E2C53D27A00E1F5F5 /* LoginViewModel.swift in Sources */ = {isa = PBXBuildFile; fileRef = 49D0536D2C53D27A00E1F5F5 /* LoginViewModel.swift */; };
		49D053702C53D6D500E1F5F5 /* Error.swift in Sources */ = {isa = PBXBuildFile; fileRef = 49D0536F2C53D6D500E1F5F5 /* Error.swift */; };
		49D053722C54DAE600E1F5F5 /* RegisterViewModel.swift in Sources */ = {isa = PBXBuildFile; fileRef = 49D053712C54DAE600E1F5F5 /* RegisterViewModel.swift */; };
		49D053752C54F39C00E1F5F5 /* AuthManager.swift in Sources */ = {isa = PBXBuildFile; fileRef = 49D053742C54F39C00E1F5F5 /* AuthManager.swift */; };
		49F2B6CA2C476E570028BD88 /* 内海フォント-Bold.ttf in Resources */ = {isa = PBXBuildFile; fileRef = 49F2B6C82C476E550028BD88 /* 内海フォント-Bold.ttf */; };
		49F2B6CB2C476E570028BD88 /* 内海フォント-ExtraLight.ttf in Resources */ = {isa = PBXBuildFile; fileRef = 49F2B6C92C476E570028BD88 /* 内海フォント-ExtraLight.ttf */; };
		49F2B6CD2C4772FE0028BD88 /* 圆体夏蝉丸ゴシック.ttf in Resources */ = {isa = PBXBuildFile; fileRef = 49F2B6CC2C4772FE0028BD88 /* 圆体夏蝉丸ゴシック.ttf */; };
		49F2B6D12C4A5ED10028BD88 /* APIKey.swift in Sources */ = {isa = PBXBuildFile; fileRef = 49F2B6D02C4A5ED10028BD88 /* APIKey.swift */; };
		49F2B6D32C4A5F6D0028BD88 /* APIKey.plist in Resources */ = {isa = PBXBuildFile; fileRef = 49F2B6D22C4A5F6D0028BD88 /* APIKey.plist */; };
		89FF896EA18CE7E9CBA41271 /* Pods_whos_tea.framework in Frameworks */ = {isa = PBXBuildFile; fileRef = 7E1ECB11B5215C89FCBBB6CF /* Pods_whos_tea.framework */; };
/* End PBXBuildFile section */

/* Begin PBXFileReference section */
		490F63DF2C2A73F100520D0F /* GoogleService-Info.plist */ = {isa = PBXFileReference; fileEncoding = 4; lastKnownFileType = text.plist.xml; path = "GoogleService-Info.plist"; sourceTree = "<group>"; };
		490F63E12C2A971A00520D0F /* GoogleServiceManager.swift */ = {isa = PBXFileReference; lastKnownFileType = sourcecode.swift; path = GoogleServiceManager.swift; sourceTree = "<group>"; };
		490F63E32C2E83A200520D0F /* NumberpadReturn.swift */ = {isa = PBXFileReference; lastKnownFileType = sourcecode.swift; path = NumberpadReturn.swift; sourceTree = "<group>"; };
		490F63E52C2EC23000520D0F /* Drinks.swift */ = {isa = PBXFileReference; lastKnownFileType = sourcecode.swift; path = Drinks.swift; sourceTree = "<group>"; };
		490F63E72C2F3AC600520D0F /* MenuTableViewCell.swift */ = {isa = PBXFileReference; lastKnownFileType = sourcecode.swift; path = MenuTableViewCell.swift; sourceTree = "<group>"; };
		490F63F62C32590200520D0F /* FetchDataManager.swift */ = {isa = PBXFileReference; lastKnownFileType = sourcecode.swift; path = FetchDataManager.swift; sourceTree = "<group>"; };
		490F63F82C3308D700520D0F /* DrinkOrderViewController.swift */ = {isa = PBXFileReference; lastKnownFileType = sourcecode.swift; path = DrinkOrderViewController.swift; sourceTree = "<group>"; };
		490F63FA2C33AFB800520D0F /* OrderDrinkTableViewCell.swift */ = {isa = PBXFileReference; lastKnownFileType = sourcecode.swift; path = OrderDrinkTableViewCell.swift; sourceTree = "<group>"; };
		490F63FC2C33F81700520D0F /* IceSugarTableViewCell.swift */ = {isa = PBXFileReference; lastKnownFileType = sourcecode.swift; path = IceSugarTableViewCell.swift; sourceTree = "<group>"; };
		490F64022C36557800520D0F /* CartViewController.swift */ = {isa = PBXFileReference; lastKnownFileType = sourcecode.swift; path = CartViewController.swift; sourceTree = "<group>"; };
		490F64042C368C0800520D0F /* Orders.swift */ = {isa = PBXFileReference; lastKnownFileType = sourcecode.swift; path = Orders.swift; sourceTree = "<group>"; };
		490F64062C37B32E00520D0F /* CartTableViewCell.swift */ = {isa = PBXFileReference; lastKnownFileType = sourcecode.swift; path = CartTableViewCell.swift; sourceTree = "<group>"; };
		497064D02C231E340051B7A7 /* whos tea.app */ = {isa = PBXFileReference; explicitFileType = wrapper.application; includeInIndex = 0; path = "whos tea.app"; sourceTree = BUILT_PRODUCTS_DIR; };
		497064D32C231E340051B7A7 /* AppDelegate.swift */ = {isa = PBXFileReference; lastKnownFileType = sourcecode.swift; path = AppDelegate.swift; sourceTree = "<group>"; };
		497064D52C231E340051B7A7 /* SceneDelegate.swift */ = {isa = PBXFileReference; lastKnownFileType = sourcecode.swift; path = SceneDelegate.swift; sourceTree = "<group>"; };
		497064D72C231E340051B7A7 /* LoginViewController.swift */ = {isa = PBXFileReference; lastKnownFileType = sourcecode.swift; path = LoginViewController.swift; sourceTree = "<group>"; };
		497064DA2C231E340051B7A7 /* Base */ = {isa = PBXFileReference; lastKnownFileType = file.storyboard; name = Base; path = Base.lproj/Main.storyboard; sourceTree = "<group>"; };
		497064DC2C231E390051B7A7 /* Assets.xcassets */ = {isa = PBXFileReference; lastKnownFileType = folder.assetcatalog; path = Assets.xcassets; sourceTree = "<group>"; };
		497064DF2C231E390051B7A7 /* Base */ = {isa = PBXFileReference; lastKnownFileType = file.storyboard; name = Base; path = Base.lproj/LaunchScreen.storyboard; sourceTree = "<group>"; };
		497064E12C231E390051B7A7 /* Info.plist */ = {isa = PBXFileReference; lastKnownFileType = text.plist.xml; path = Info.plist; sourceTree = "<group>"; };
		497064E92C23C81C0051B7A7 /* DatabaseManager.swift */ = {isa = PBXFileReference; lastKnownFileType = sourcecode.swift; path = DatabaseManager.swift; sourceTree = "<group>"; };
		497064EC2C23CF830051B7A7 /* MenuViewController.swift */ = {isa = PBXFileReference; lastKnownFileType = sourcecode.swift; path = MenuViewController.swift; sourceTree = "<group>"; };
		497064EE2C23FB8B0051B7A7 /* RegisterViewController.swift */ = {isa = PBXFileReference; lastKnownFileType = sourcecode.swift; path = RegisterViewController.swift; sourceTree = "<group>"; };
		497064F02C26A9450051B7A7 /* ProfileViewController.swift */ = {isa = PBXFileReference; lastKnownFileType = sourcecode.swift; path = ProfileViewController.swift; sourceTree = "<group>"; };
		497064F22C26CE140051B7A7 /* MainTabBarController.swift */ = {isa = PBXFileReference; lastKnownFileType = sourcecode.swift; path = MainTabBarController.swift; sourceTree = "<group>"; };
		499EAB8C2C577D2500DF189D /* DrinkOrderViewModel.swift */ = {isa = PBXFileReference; lastKnownFileType = sourcecode.swift; path = DrinkOrderViewModel.swift; sourceTree = "<group>"; };
		499EAB8E2C5783D700DF189D /* User.swift */ = {isa = PBXFileReference; lastKnownFileType = sourcecode.swift; path = User.swift; sourceTree = "<group>"; };
		499EAB902C58E1E600DF189D /* GetUrl.swift */ = {isa = PBXFileReference; lastKnownFileType = sourcecode.swift; path = GetUrl.swift; sourceTree = "<group>"; };
		499EAB922C58EA8C00DF189D /* CartViewModel.swift */ = {isa = PBXFileReference; lastKnownFileType = sourcecode.swift; path = CartViewModel.swift; sourceTree = "<group>"; };
		49D0536B2C538C6B00E1F5F5 /* MenuViewModel.swift */ = {isa = PBXFileReference; lastKnownFileType = sourcecode.swift; path = MenuViewModel.swift; sourceTree = "<group>"; };
		49D0536D2C53D27A00E1F5F5 /* LoginViewModel.swift */ = {isa = PBXFileReference; lastKnownFileType = sourcecode.swift; path = LoginViewModel.swift; sourceTree = "<group>"; };
		49D0536F2C53D6D500E1F5F5 /* Error.swift */ = {isa = PBXFileReference; lastKnownFileType = sourcecode.swift; path = Error.swift; sourceTree = "<group>"; };
		49D053712C54DAE600E1F5F5 /* RegisterViewModel.swift */ = {isa = PBXFileReference; lastKnownFileType = sourcecode.swift; path = RegisterViewModel.swift; sourceTree = "<group>"; };
		49D053742C54F39C00E1F5F5 /* AuthManager.swift */ = {isa = PBXFileReference; lastKnownFileType = sourcecode.swift; path = AuthManager.swift; sourceTree = "<group>"; };
		49F2B6C82C476E550028BD88 /* 内海フォント-Bold.ttf */ = {isa = PBXFileReference; lastKnownFileType = file; path = "内海フォント-Bold.ttf"; sourceTree = "<group>"; };
		49F2B6C92C476E570028BD88 /* 内海フォント-ExtraLight.ttf */ = {isa = PBXFileReference; lastKnownFileType = file; path = "内海フォント-ExtraLight.ttf"; sourceTree = "<group>"; };
		49F2B6CC2C4772FE0028BD88 /* 圆体夏蝉丸ゴシック.ttf */ = {isa = PBXFileReference; lastKnownFileType = file; path = "圆体夏蝉丸ゴシック.ttf"; sourceTree = "<group>"; };
		49F2B6D02C4A5ED10028BD88 /* APIKey.swift */ = {isa = PBXFileReference; lastKnownFileType = sourcecode.swift; path = APIKey.swift; sourceTree = "<group>"; };
		49F2B6D22C4A5F6D0028BD88 /* APIKey.plist */ = {isa = PBXFileReference; fileEncoding = 4; lastKnownFileType = text.plist.xml; path = APIKey.plist; sourceTree = "<group>"; };
		5F42DFD7D2635CB24CD618FE /* Pods-whos tea.debug.xcconfig */ = {isa = PBXFileReference; includeInIndex = 1; lastKnownFileType = text.xcconfig; name = "Pods-whos tea.debug.xcconfig"; path = "Target Support Files/Pods-whos tea/Pods-whos tea.debug.xcconfig"; sourceTree = "<group>"; };
		7E1ECB11B5215C89FCBBB6CF /* Pods_whos_tea.framework */ = {isa = PBXFileReference; explicitFileType = wrapper.framework; includeInIndex = 0; path = Pods_whos_tea.framework; sourceTree = BUILT_PRODUCTS_DIR; };
		FCD0E3B5779813E041EA6981 /* Pods-whos tea.release.xcconfig */ = {isa = PBXFileReference; includeInIndex = 1; lastKnownFileType = text.xcconfig; name = "Pods-whos tea.release.xcconfig"; path = "Target Support Files/Pods-whos tea/Pods-whos tea.release.xcconfig"; sourceTree = "<group>"; };
/* End PBXFileReference section */

/* Begin PBXFrameworksBuildPhase section */
		497064CD2C231E340051B7A7 /* Frameworks */ = {
			isa = PBXFrameworksBuildPhase;
			buildActionMask = 2147483647;
			files = (
				89FF896EA18CE7E9CBA41271 /* Pods_whos_tea.framework in Frameworks */,
			);
			runOnlyForDeploymentPostprocessing = 0;
		};
/* End PBXFrameworksBuildPhase section */

/* Begin PBXGroup section */
		07F9BC5CF52EF7EEAB2C6FCB /* Frameworks */ = {
			isa = PBXGroup;
			children = (
				7E1ECB11B5215C89FCBBB6CF /* Pods_whos_tea.framework */,
			);
			name = Frameworks;
			sourceTree = "<group>";
		};
		497064C72C231E340051B7A7 = {
			isa = PBXGroup;
			children = (
				49F2B6CE2C4A5D550028BD88 /* APIKey */,
				497064D22C231E340051B7A7 /* whos tea */,
				497064D12C231E340051B7A7 /* Products */,
				8DEB8F7B490C17CC42A90865 /* Pods */,
				07F9BC5CF52EF7EEAB2C6FCB /* Frameworks */,
			);
			sourceTree = "<group>";
		};
		497064D12C231E340051B7A7 /* Products */ = {
			isa = PBXGroup;
			children = (
				497064D02C231E340051B7A7 /* whos tea.app */,
			);
			name = Products;
			sourceTree = "<group>";
		};
		497064D22C231E340051B7A7 /* whos tea */ = {
			isa = PBXGroup;
			children = (
				49D053732C54F37F00E1F5F5 /* Service */,
				49D0536A2C538C2900E1F5F5 /* ViewModel */,
				49D053692C533E2400E1F5F5 /* View */,
				49D053682C533E1A00E1F5F5 /* Model */,
				49D053672C533E0D00E1F5F5 /* Controller */,
				490F63DF2C2A73F100520D0F /* GoogleService-Info.plist */,
				49F2B6C72C476E160028BD88 /* Font */,
				497064E12C231E390051B7A7 /* Info.plist */,
			);
			path = "whos tea";
			sourceTree = "<group>";
		};
		49D053672C533E0D00E1F5F5 /* Controller */ = {
			isa = PBXGroup;
			children = (
				490F64022C36557800520D0F /* CartViewController.swift */,
				497064EE2C23FB8B0051B7A7 /* RegisterViewController.swift */,
				497064D72C231E340051B7A7 /* LoginViewController.swift */,
				497064EC2C23CF830051B7A7 /* MenuViewController.swift */,
				490F63F82C3308D700520D0F /* DrinkOrderViewController.swift */,
				497064D32C231E340051B7A7 /* AppDelegate.swift */,
				497064D52C231E340051B7A7 /* SceneDelegate.swift */,
				490F63F62C32590200520D0F /* FetchDataManager.swift */,
				497064F02C26A9450051B7A7 /* ProfileViewController.swift */,
				497064F22C26CE140051B7A7 /* MainTabBarController.swift */,
			);
			path = Controller;
			sourceTree = "<group>";
		};
		49D053682C533E1A00E1F5F5 /* Model */ = {
			isa = PBXGroup;
			children = (
				490F63E52C2EC23000520D0F /* Drinks.swift */,
				490F64042C368C0800520D0F /* Orders.swift */,
				49D0536F2C53D6D500E1F5F5 /* Error.swift */,
				490F63E12C2A971A00520D0F /* GoogleServiceManager.swift */,
				499EAB8E2C5783D700DF189D /* User.swift */,
				499EAB902C58E1E600DF189D /* GetUrl.swift */,
			);
			path = Model;
			sourceTree = "<group>";
		};
		49D053692C533E2400E1F5F5 /* View */ = {
			isa = PBXGroup;
			children = (
				490F63E72C2F3AC600520D0F /* MenuTableViewCell.swift */,
				490F63FC2C33F81700520D0F /* IceSugarTableViewCell.swift */,
				490F63FA2C33AFB800520D0F /* OrderDrinkTableViewCell.swift */,
				490F64062C37B32E00520D0F /* CartTableViewCell.swift */,
				490F63E32C2E83A200520D0F /* NumberpadReturn.swift */,
				497064D92C231E340051B7A7 /* Main.storyboard */,
				497064DC2C231E390051B7A7 /* Assets.xcassets */,
				497064DE2C231E390051B7A7 /* LaunchScreen.storyboard */,
			);
			path = View;
			sourceTree = "<group>";
		};
		49D0536A2C538C2900E1F5F5 /* ViewModel */ = {
			isa = PBXGroup;
			children = (
				49D0536B2C538C6B00E1F5F5 /* MenuViewModel.swift */,
				49D0536D2C53D27A00E1F5F5 /* LoginViewModel.swift */,
				49D053712C54DAE600E1F5F5 /* RegisterViewModel.swift */,
				499EAB8C2C577D2500DF189D /* DrinkOrderViewModel.swift */,
				499EAB922C58EA8C00DF189D /* CartViewModel.swift */,
			);
			path = ViewModel;
			sourceTree = "<group>";
		};
		49D053732C54F37F00E1F5F5 /* Service */ = {
			isa = PBXGroup;
			children = (
				497064E92C23C81C0051B7A7 /* DatabaseManager.swift */,
				49D053742C54F39C00E1F5F5 /* AuthManager.swift */,
			);
			path = Service;
			sourceTree = "<group>";
		};
		49F2B6C72C476E160028BD88 /* Font */ = {
			isa = PBXGroup;
			children = (
				49F2B6C82C476E550028BD88 /* 内海フォント-Bold.ttf */,
				49F2B6C92C476E570028BD88 /* 内海フォント-ExtraLight.ttf */,
				49F2B6CC2C4772FE0028BD88 /* 圆体夏蝉丸ゴシック.ttf */,
			);
			path = Font;
			sourceTree = "<group>";
		};
		49F2B6CE2C4A5D550028BD88 /* APIKey */ = {
			isa = PBXGroup;
			children = (
				49F2B6D22C4A5F6D0028BD88 /* APIKey.plist */,
				49F2B6D02C4A5ED10028BD88 /* APIKey.swift */,
			);
			path = APIKey;
			sourceTree = "<group>";
		};
		8DEB8F7B490C17CC42A90865 /* Pods */ = {
			isa = PBXGroup;
			children = (
				5F42DFD7D2635CB24CD618FE /* Pods-whos tea.debug.xcconfig */,
				FCD0E3B5779813E041EA6981 /* Pods-whos tea.release.xcconfig */,
			);
			path = Pods;
			sourceTree = "<group>";
		};
/* End PBXGroup section */

/* Begin PBXNativeTarget section */
		497064CF2C231E340051B7A7 /* whos tea */ = {
			isa = PBXNativeTarget;
			buildConfigurationList = 497064E42C231E390051B7A7 /* Build configuration list for PBXNativeTarget "whos tea" */;
			buildPhases = (
				AA2E72D9755382B5E8D61C65 /* [CP] Check Pods Manifest.lock */,
				49F2B6CF2C4A5DEB0028BD88 /* ShellScript */,
				497064CC2C231E340051B7A7 /* Sources */,
				497064CD2C231E340051B7A7 /* Frameworks */,
				497064CE2C231E340051B7A7 /* Resources */,
				5B5D48B7F0E585EC0D9E3808 /* [CP] Embed Pods Frameworks */,
			);
			buildRules = (
			);
			dependencies = (
			);
			name = "whos tea";
			productName = "whos tea";
			productReference = 497064D02C231E340051B7A7 /* whos tea.app */;
			productType = "com.apple.product-type.application";
		};
/* End PBXNativeTarget section */

/* Begin PBXProject section */
		497064C82C231E340051B7A7 /* Project object */ = {
			isa = PBXProject;
			attributes = {
				BuildIndependentTargetsInParallel = 1;
				LastSwiftUpdateCheck = 1520;
				LastUpgradeCheck = 1520;
				TargetAttributes = {
					497064CF2C231E340051B7A7 = {
						CreatedOnToolsVersion = 15.2;
					};
				};
			};
			buildConfigurationList = 497064CB2C231E340051B7A7 /* Build configuration list for PBXProject "whos tea" */;
			compatibilityVersion = "Xcode 14.0";
			developmentRegion = en;
			hasScannedForEncodings = 0;
			knownRegions = (
				en,
				Base,
			);
			mainGroup = 497064C72C231E340051B7A7;
			productRefGroup = 497064D12C231E340051B7A7 /* Products */;
			projectDirPath = "";
			projectRoot = "";
			targets = (
				497064CF2C231E340051B7A7 /* whos tea */,
			);
		};
/* End PBXProject section */

/* Begin PBXResourcesBuildPhase section */
		497064CE2C231E340051B7A7 /* Resources */ = {
			isa = PBXResourcesBuildPhase;
			buildActionMask = 2147483647;
			files = (
				497064E02C231E390051B7A7 /* LaunchScreen.storyboard in Resources */,
				49F2B6D32C4A5F6D0028BD88 /* APIKey.plist in Resources */,
				490F63E02C2A73F100520D0F /* GoogleService-Info.plist in Resources */,
				49F2B6CA2C476E570028BD88 /* 内海フォント-Bold.ttf in Resources */,
				49F2B6CB2C476E570028BD88 /* 内海フォント-ExtraLight.ttf in Resources */,
				49F2B6CD2C4772FE0028BD88 /* 圆体夏蝉丸ゴシック.ttf in Resources */,
				497064DD2C231E390051B7A7 /* Assets.xcassets in Resources */,
				497064DB2C231E340051B7A7 /* Main.storyboard in Resources */,
			);
			runOnlyForDeploymentPostprocessing = 0;
		};
/* End PBXResourcesBuildPhase section */

/* Begin PBXShellScriptBuildPhase section */
		49F2B6CF2C4A5DEB0028BD88 /* ShellScript */ = {
			isa = PBXShellScriptBuildPhase;
			buildActionMask = 2147483647;
			files = (
			);
			inputFileListPaths = (
			);
			inputPaths = (
			);
			outputFileListPaths = (
			);
			outputPaths = (
				"$(SRCROOT)/APIKey/APIKey.plist",
			);
			runOnlyForDeploymentPostprocessing = 0;
			shellPath = /bin/sh;
			shellScript = "CONFIG_FILE_BASE_NAME=\"APIKey\"\n\nCONFIG_FILE_NAME=${CONFIG_FILE_BASE_NAME}.plist\nSAMPLE_CONFIG_FILE_NAME=${CONFIG_FILE_BASE_NAME}-Sample.plist\n\nCONFIG_FILE_PATH=$SRCROOT/APIKey/$CONFIG_FILE_NAME\nSAMPLE_CONFIG_FILE_PATH=$SRCROOT/APIKey/$SAMPLE_CONFIG_FILE_NAME\n\nif [ -f \"$CONFIG_FILE_PATH\" ]; then\n  echo \"$CONFIG_FILE_PATH exists.\"\nelse\n  echo \"$CONFIG_FILE_PATH does not exist, copying sample\"\n  cp -v \"${SAMPLE_CONFIG_FILE_PATH}\" \"${CONFIG_FILE_PATH}\"\nfi\n";
		};
		5B5D48B7F0E585EC0D9E3808 /* [CP] Embed Pods Frameworks */ = {
			isa = PBXShellScriptBuildPhase;
			buildActionMask = 2147483647;
			files = (
			);
			inputFileListPaths = (
				"${PODS_ROOT}/Target Support Files/Pods-whos tea/Pods-whos tea-frameworks-${CONFIGURATION}-input-files.xcfilelist",
			);
			name = "[CP] Embed Pods Frameworks";
			outputFileListPaths = (
				"${PODS_ROOT}/Target Support Files/Pods-whos tea/Pods-whos tea-frameworks-${CONFIGURATION}-output-files.xcfilelist",
			);
			runOnlyForDeploymentPostprocessing = 0;
			shellPath = /bin/sh;
			shellScript = "\"${PODS_ROOT}/Target Support Files/Pods-whos tea/Pods-whos tea-frameworks.sh\"\n";
			showEnvVarsInLog = 0;
		};
		AA2E72D9755382B5E8D61C65 /* [CP] Check Pods Manifest.lock */ = {
			isa = PBXShellScriptBuildPhase;
			buildActionMask = 2147483647;
			files = (
			);
			inputFileListPaths = (
			);
			inputPaths = (
				"${PODS_PODFILE_DIR_PATH}/Podfile.lock",
				"${PODS_ROOT}/Manifest.lock",
			);
			name = "[CP] Check Pods Manifest.lock";
			outputFileListPaths = (
			);
			outputPaths = (
				"$(DERIVED_FILE_DIR)/Pods-whos tea-checkManifestLockResult.txt",
			);
			runOnlyForDeploymentPostprocessing = 0;
			shellPath = /bin/sh;
			shellScript = "diff \"${PODS_PODFILE_DIR_PATH}/Podfile.lock\" \"${PODS_ROOT}/Manifest.lock\" > /dev/null\nif [ $? != 0 ] ; then\n    # print error to STDERR\n    echo \"error: The sandbox is not in sync with the Podfile.lock. Run 'pod install' or update your CocoaPods installation.\" >&2\n    exit 1\nfi\n# This output is used by Xcode 'outputs' to avoid re-running this script phase.\necho \"SUCCESS\" > \"${SCRIPT_OUTPUT_FILE_0}\"\n";
			showEnvVarsInLog = 0;
		};
/* End PBXShellScriptBuildPhase section */

/* Begin PBXSourcesBuildPhase section */
		497064CC2C231E340051B7A7 /* Sources */ = {
			isa = PBXSourcesBuildPhase;
			buildActionMask = 2147483647;
			files = (
				490F63FB2C33AFB800520D0F /* OrderDrinkTableViewCell.swift in Sources */,
				497064EA2C23C81C0051B7A7 /* DatabaseManager.swift in Sources */,
				49D053702C53D6D500E1F5F5 /* Error.swift in Sources */,
				49D0536E2C53D27A00E1F5F5 /* LoginViewModel.swift in Sources */,
				497064ED2C23CF830051B7A7 /* MenuViewController.swift in Sources */,
				499EAB8F2C5783D700DF189D /* User.swift in Sources */,
				490F63E82C2F3AC700520D0F /* MenuTableViewCell.swift in Sources */,
				490F63E42C2E83A300520D0F /* NumberpadReturn.swift in Sources */,
				490F63E62C2EC23000520D0F /* Drinks.swift in Sources */,
				490F64052C368C0800520D0F /* Orders.swift in Sources */,
				490F63E22C2A971A00520D0F /* GoogleServiceManager.swift in Sources */,
				499EAB932C58EA8C00DF189D /* CartViewModel.swift in Sources */,
				499EAB8D2C577D2500DF189D /* DrinkOrderViewModel.swift in Sources */,
				497064F32C26CE140051B7A7 /* MainTabBarController.swift in Sources */,
				497064D82C231E340051B7A7 /* LoginViewController.swift in Sources */,
				490F63F92C3308D700520D0F /* DrinkOrderViewController.swift in Sources */,
				497064EF2C23FB8B0051B7A7 /* RegisterViewController.swift in Sources */,
				497064F12C26A9460051B7A7 /* ProfileViewController.swift in Sources */,
				490F64072C37B32F00520D0F /* CartTableViewCell.swift in Sources */,
				499EAB912C58E1E600DF189D /* GetUrl.swift in Sources */,
				49F2B6D12C4A5ED10028BD88 /* APIKey.swift in Sources */,
				49D0536C2C538C6B00E1F5F5 /* MenuViewModel.swift in Sources */,
				490F63FD2C33F81700520D0F /* IceSugarTableViewCell.swift in Sources */,
				49D053722C54DAE600E1F5F5 /* RegisterViewModel.swift in Sources */,
				490F64032C36557800520D0F /* CartViewController.swift in Sources */,
				497064D42C231E340051B7A7 /* AppDelegate.swift in Sources */,
				490F63F72C32590200520D0F /* FetchDataManager.swift in Sources */,
				497064D62C231E340051B7A7 /* SceneDelegate.swift in Sources */,
				49D053752C54F39C00E1F5F5 /* AuthManager.swift in Sources */,
			);
			runOnlyForDeploymentPostprocessing = 0;
		};
/* End PBXSourcesBuildPhase section */

/* Begin PBXVariantGroup section */
		497064D92C231E340051B7A7 /* Main.storyboard */ = {
			isa = PBXVariantGroup;
			children = (
				497064DA2C231E340051B7A7 /* Base */,
			);
			name = Main.storyboard;
			sourceTree = "<group>";
		};
		497064DE2C231E390051B7A7 /* LaunchScreen.storyboard */ = {
			isa = PBXVariantGroup;
			children = (
				497064DF2C231E390051B7A7 /* Base */,
			);
			name = LaunchScreen.storyboard;
			sourceTree = "<group>";
		};
/* End PBXVariantGroup section */

/* Begin XCBuildConfiguration section */
		497064E22C231E390051B7A7 /* Debug */ = {
			isa = XCBuildConfiguration;
			buildSettings = {
				ALWAYS_SEARCH_USER_PATHS = NO;
				ASSETCATALOG_COMPILER_GENERATE_SWIFT_ASSET_SYMBOL_EXTENSIONS = YES;
				CLANG_ANALYZER_NONNULL = YES;
				CLANG_ANALYZER_NUMBER_OBJECT_CONVERSION = YES_AGGRESSIVE;
				CLANG_CXX_LANGUAGE_STANDARD = "gnu++20";
				CLANG_ENABLE_MODULES = YES;
				CLANG_ENABLE_OBJC_ARC = YES;
				CLANG_ENABLE_OBJC_WEAK = YES;
				CLANG_WARN_BLOCK_CAPTURE_AUTORELEASING = YES;
				CLANG_WARN_BOOL_CONVERSION = YES;
				CLANG_WARN_COMMA = YES;
				CLANG_WARN_CONSTANT_CONVERSION = YES;
				CLANG_WARN_DEPRECATED_OBJC_IMPLEMENTATIONS = YES;
				CLANG_WARN_DIRECT_OBJC_ISA_USAGE = YES_ERROR;
				CLANG_WARN_DOCUMENTATION_COMMENTS = YES;
				CLANG_WARN_EMPTY_BODY = YES;
				CLANG_WARN_ENUM_CONVERSION = YES;
				CLANG_WARN_INFINITE_RECURSION = YES;
				CLANG_WARN_INT_CONVERSION = YES;
				CLANG_WARN_NON_LITERAL_NULL_CONVERSION = YES;
				CLANG_WARN_OBJC_IMPLICIT_RETAIN_SELF = YES;
				CLANG_WARN_OBJC_LITERAL_CONVERSION = YES;
				CLANG_WARN_OBJC_ROOT_CLASS = YES_ERROR;
				CLANG_WARN_QUOTED_INCLUDE_IN_FRAMEWORK_HEADER = YES;
				CLANG_WARN_RANGE_LOOP_ANALYSIS = YES;
				CLANG_WARN_STRICT_PROTOTYPES = YES;
				CLANG_WARN_SUSPICIOUS_MOVE = YES;
				CLANG_WARN_UNGUARDED_AVAILABILITY = YES_AGGRESSIVE;
				CLANG_WARN_UNREACHABLE_CODE = YES;
				CLANG_WARN__DUPLICATE_METHOD_MATCH = YES;
				COPY_PHASE_STRIP = NO;
				DEBUG_INFORMATION_FORMAT = dwarf;
				ENABLE_STRICT_OBJC_MSGSEND = YES;
				ENABLE_TESTABILITY = YES;
				ENABLE_USER_SCRIPT_SANDBOXING = YES;
				GCC_C_LANGUAGE_STANDARD = gnu17;
				GCC_DYNAMIC_NO_PIC = NO;
				GCC_NO_COMMON_BLOCKS = YES;
				GCC_OPTIMIZATION_LEVEL = 0;
				GCC_PREPROCESSOR_DEFINITIONS = (
					"DEBUG=1",
					"$(inherited)",
				);
				GCC_WARN_64_TO_32_BIT_CONVERSION = YES;
				GCC_WARN_ABOUT_RETURN_TYPE = YES_ERROR;
				GCC_WARN_UNDECLARED_SELECTOR = YES;
				GCC_WARN_UNINITIALIZED_AUTOS = YES_AGGRESSIVE;
				GCC_WARN_UNUSED_FUNCTION = YES;
				GCC_WARN_UNUSED_VARIABLE = YES;
				IPHONEOS_DEPLOYMENT_TARGET = 17.2;
				LOCALIZATION_PREFERS_STRING_CATALOGS = YES;
				MTL_ENABLE_DEBUG_INFO = INCLUDE_SOURCE;
				MTL_FAST_MATH = YES;
				ONLY_ACTIVE_ARCH = YES;
				SDKROOT = iphoneos;
				SWIFT_ACTIVE_COMPILATION_CONDITIONS = "DEBUG $(inherited)";
				SWIFT_OPTIMIZATION_LEVEL = "-Onone";
			};
			name = Debug;
		};
		497064E32C231E390051B7A7 /* Release */ = {
			isa = XCBuildConfiguration;
			buildSettings = {
				ALWAYS_SEARCH_USER_PATHS = NO;
				ASSETCATALOG_COMPILER_GENERATE_SWIFT_ASSET_SYMBOL_EXTENSIONS = YES;
				CLANG_ANALYZER_NONNULL = YES;
				CLANG_ANALYZER_NUMBER_OBJECT_CONVERSION = YES_AGGRESSIVE;
				CLANG_CXX_LANGUAGE_STANDARD = "gnu++20";
				CLANG_ENABLE_MODULES = YES;
				CLANG_ENABLE_OBJC_ARC = YES;
				CLANG_ENABLE_OBJC_WEAK = YES;
				CLANG_WARN_BLOCK_CAPTURE_AUTORELEASING = YES;
				CLANG_WARN_BOOL_CONVERSION = YES;
				CLANG_WARN_COMMA = YES;
				CLANG_WARN_CONSTANT_CONVERSION = YES;
				CLANG_WARN_DEPRECATED_OBJC_IMPLEMENTATIONS = YES;
				CLANG_WARN_DIRECT_OBJC_ISA_USAGE = YES_ERROR;
				CLANG_WARN_DOCUMENTATION_COMMENTS = YES;
				CLANG_WARN_EMPTY_BODY = YES;
				CLANG_WARN_ENUM_CONVERSION = YES;
				CLANG_WARN_INFINITE_RECURSION = YES;
				CLANG_WARN_INT_CONVERSION = YES;
				CLANG_WARN_NON_LITERAL_NULL_CONVERSION = YES;
				CLANG_WARN_OBJC_IMPLICIT_RETAIN_SELF = YES;
				CLANG_WARN_OBJC_LITERAL_CONVERSION = YES;
				CLANG_WARN_OBJC_ROOT_CLASS = YES_ERROR;
				CLANG_WARN_QUOTED_INCLUDE_IN_FRAMEWORK_HEADER = YES;
				CLANG_WARN_RANGE_LOOP_ANALYSIS = YES;
				CLANG_WARN_STRICT_PROTOTYPES = YES;
				CLANG_WARN_SUSPICIOUS_MOVE = YES;
				CLANG_WARN_UNGUARDED_AVAILABILITY = YES_AGGRESSIVE;
				CLANG_WARN_UNREACHABLE_CODE = YES;
				CLANG_WARN__DUPLICATE_METHOD_MATCH = YES;
				COPY_PHASE_STRIP = NO;
				DEBUG_INFORMATION_FORMAT = "dwarf-with-dsym";
				ENABLE_NS_ASSERTIONS = NO;
				ENABLE_STRICT_OBJC_MSGSEND = YES;
				ENABLE_USER_SCRIPT_SANDBOXING = YES;
				GCC_C_LANGUAGE_STANDARD = gnu17;
				GCC_NO_COMMON_BLOCKS = YES;
				GCC_WARN_64_TO_32_BIT_CONVERSION = YES;
				GCC_WARN_ABOUT_RETURN_TYPE = YES_ERROR;
				GCC_WARN_UNDECLARED_SELECTOR = YES;
				GCC_WARN_UNINITIALIZED_AUTOS = YES_AGGRESSIVE;
				GCC_WARN_UNUSED_FUNCTION = YES;
				GCC_WARN_UNUSED_VARIABLE = YES;
				IPHONEOS_DEPLOYMENT_TARGET = 17.2;
				LOCALIZATION_PREFERS_STRING_CATALOGS = YES;
				MTL_ENABLE_DEBUG_INFO = NO;
				MTL_FAST_MATH = YES;
				SDKROOT = iphoneos;
				SWIFT_COMPILATION_MODE = wholemodule;
				VALIDATE_PRODUCT = YES;
			};
			name = Release;
		};
		497064E52C231E390051B7A7 /* Debug */ = {
			isa = XCBuildConfiguration;
			baseConfigurationReference = 5F42DFD7D2635CB24CD618FE /* Pods-whos tea.debug.xcconfig */;
			buildSettings = {
				ASSETCATALOG_COMPILER_APPICON_NAME = AppIcon;
				ASSETCATALOG_COMPILER_GLOBAL_ACCENT_COLOR_NAME = AccentColor;
				CODE_SIGN_STYLE = Automatic;
				CURRENT_PROJECT_VERSION = 1;
				DEVELOPMENT_TEAM = 6H9287UZN4;
				ENABLE_USER_SCRIPT_SANDBOXING = NO;
				GENERATE_INFOPLIST_FILE = YES;
				INFOPLIST_FILE = "whos tea/Info.plist";
				INFOPLIST_KEY_UIApplicationSupportsIndirectInputEvents = YES;
				INFOPLIST_KEY_UILaunchStoryboardName = LaunchScreen;
				INFOPLIST_KEY_UIMainStoryboardFile = Main;
				INFOPLIST_KEY_UISupportedInterfaceOrientations_iPad = "UIInterfaceOrientationPortrait UIInterfaceOrientationPortraitUpsideDown UIInterfaceOrientationLandscapeLeft UIInterfaceOrientationLandscapeRight";
				INFOPLIST_KEY_UISupportedInterfaceOrientations_iPhone = "UIInterfaceOrientationPortrait UIInterfaceOrientationLandscapeLeft UIInterfaceOrientationLandscapeRight";
				LD_RUNPATH_SEARCH_PATHS = (
					"$(inherited)",
					"@executable_path/Frameworks",
				);
				MARKETING_VERSION = 1.0;
				PRODUCT_BUNDLE_IDENTIFIER = "com.nara.whos-tea";
				PRODUCT_NAME = "$(TARGET_NAME)";
				SWIFT_EMIT_LOC_STRINGS = YES;
				SWIFT_VERSION = 5.0;
				TARGETED_DEVICE_FAMILY = "1,2";
			};
			name = Debug;
		};
		497064E62C231E390051B7A7 /* Release */ = {
			isa = XCBuildConfiguration;
			baseConfigurationReference = FCD0E3B5779813E041EA6981 /* Pods-whos tea.release.xcconfig */;
			buildSettings = {
				ASSETCATALOG_COMPILER_APPICON_NAME = AppIcon;
				ASSETCATALOG_COMPILER_GLOBAL_ACCENT_COLOR_NAME = AccentColor;
				CODE_SIGN_STYLE = Automatic;
				CURRENT_PROJECT_VERSION = 1;
				DEVELOPMENT_TEAM = 6H9287UZN4;
				ENABLE_USER_SCRIPT_SANDBOXING = NO;
				GENERATE_INFOPLIST_FILE = YES;
				INFOPLIST_FILE = "whos tea/Info.plist";
				INFOPLIST_KEY_UIApplicationSupportsIndirectInputEvents = YES;
				INFOPLIST_KEY_UILaunchStoryboardName = LaunchScreen;
				INFOPLIST_KEY_UIMainStoryboardFile = Main;
				INFOPLIST_KEY_UISupportedInterfaceOrientations_iPad = "UIInterfaceOrientationPortrait UIInterfaceOrientationPortraitUpsideDown UIInterfaceOrientationLandscapeLeft UIInterfaceOrientationLandscapeRight";
				INFOPLIST_KEY_UISupportedInterfaceOrientations_iPhone = "UIInterfaceOrientationPortrait UIInterfaceOrientationLandscapeLeft UIInterfaceOrientationLandscapeRight";
				LD_RUNPATH_SEARCH_PATHS = (
					"$(inherited)",
					"@executable_path/Frameworks",
				);
				MARKETING_VERSION = 1.0;
				PRODUCT_BUNDLE_IDENTIFIER = "com.nara.whos-tea";
				PRODUCT_NAME = "$(TARGET_NAME)";
				SWIFT_EMIT_LOC_STRINGS = YES;
				SWIFT_VERSION = 5.0;
				TARGETED_DEVICE_FAMILY = "1,2";
			};
			name = Release;
		};
/* End XCBuildConfiguration section */

/* Begin XCConfigurationList section */
		497064CB2C231E340051B7A7 /* Build configuration list for PBXProject "whos tea" */ = {
			isa = XCConfigurationList;
			buildConfigurations = (
				497064E22C231E390051B7A7 /* Debug */,
				497064E32C231E390051B7A7 /* Release */,
			);
			defaultConfigurationIsVisible = 0;
			defaultConfigurationName = Release;
		};
		497064E42C231E390051B7A7 /* Build configuration list for PBXNativeTarget "whos tea" */ = {
			isa = XCConfigurationList;
			buildConfigurations = (
				497064E52C231E390051B7A7 /* Debug */,
				497064E62C231E390051B7A7 /* Release */,
			);
			defaultConfigurationIsVisible = 0;
			defaultConfigurationName = Release;
		};
/* End XCConfigurationList section */
	};
	rootObject = 497064C82C231E340051B7A7 /* Project object */;
}
